{
    "version": 3,
    "terraform_version": "0.11.10",
    "serial": 3,
    "lineage": "33d28c6f-ba41-c742-0c49-28fb480cf1f2",
    "modules": [
        {
            "path": [
                "root"
            ],
            "outputs": {},
            "resources": {
                "aws_s3_bucket.main": {
                    "type": "aws_s3_bucket",
                    "depends_on": [
                        "local.s3_tags"
                    ],
                    "primary": {
                        "id": "amit-new-test",
                        "attributes": {
                            "acceleration_status": "",
                            "acl": "private",
                            "arn": "arn:aws:s3:::amit-new-test",
                            "bucket": "amit-new-test",
                            "bucket_domain_name": "amit-new-test.s3.amazonaws.com",
                            "bucket_regional_domain_name": "amit-new-test.s3.ca-central-1.amazonaws.com",
                            "cors_rule.#": "0",
                            "force_destroy": "false",
                            "hosted_zone_id": "Z1QDHH18159H29",
                            "id": "amit-new-test",
                            "lifecycle_rule.#": "0",
                            "logging.#": "0",
                            "object_lock_configuration.#": "0",
                            "region": "ca-central-1",
                            "replication_configuration.#": "0",
                            "request_payer": "BucketOwner",
                            "server_side_encryption_configuration.#": "0",
                            "tags.%": "2",
                            "tags.created_by": "terraform",
                            "tags.environment": "test",
                            "versioning.#": "1",
                            "versioning.0.enabled": "false",
                            "versioning.0.mfa_delete": "false",
                            "website.#": "0"
                        },
                        "meta": {},
                        "tainted": false
                    },
                    "deposed": [],
                    "provider": "provider.aws"
                }
            },
            "depends_on": []
        }
    ]
}
